
Microsoft Visual Studio Solution File, Format Version 12.00
# Visual Studio 14
VisualStudioVersion = 14.0.22823.1
MinimumVisualStudioVersion = 10.0.40219.1
Project("{9A19103F-16F7-4668-BE54-9A1E7A4F7556}") = "Main", "Main\Main.csproj", "{40F0F95E-2F99-441A-86DD-F12923BFAB66}"
EndProject
Project("{9A19103F-16F7-4668-BE54-9A1E7A4F7556}") = "Tests", "Tests\Tests.csproj", "{1C25A8DA-FDCF-43C9-B6AA-0A0438E8F9F5}"
EndProject
Project("{2150E333-8FDC-42A3-9474-1A3956D46DE8}") = "Solution Items", "Solution Items", "{FA1C8A73-4CCB-4319-A3AA-9B16905033E6}"
	ProjectSection(SolutionItems) = preProject
		LICENSE.txt = LICENSE.txt
		NuGetIcon.jpg = NuGetIcon.jpg
		README.md = README.md
	EndProjectSection
EndProject
Global
	GlobalSection(SolutionConfigurationPlatforms) = preSolution
		Debug|Any CPU = Debug|Any CPU
		Release|Any CPU = Release|Any CPU
	EndGlobalSection
	GlobalSection(ProjectConfigurationPlatforms) = postSolution
		{40F0F95E-2F99-441A-86DD-F12923BFAB66}.Debug|Any CPU.ActiveCfg = Debug|Any CPU
		{40F0F95E-2F99-441A-86DD-F12923BFAB66}.Debug|Any CPU.Build.0 = Debug|Any CPU
		{40F0F95E-2F99-441A-86DD-F12923BFAB66}.Release|Any CPU.ActiveCfg = Release|Any CPU
		{40F0F95E-2F99-441A-86DD-F12923BFAB66}.Release|Any CPU.Build.0 = Release|Any CPU
		{1C25A8DA-FDCF-43C9-B6AA-0A0438E8F9F5}.Debug|Any CPU.ActiveCfg = Debug|Any CPU
		{1C25A8DA-FDCF-43C9-B6AA-0A0438E8F9F5}.Debug|Any CPU.Build.0 = Debug|Any CPU
		{1C25A8DA-FDCF-43C9-B6AA-0A0438E8F9F5}.Release|Any CPU.ActiveCfg = Release|Any CPU
		{1C25A8DA-FDCF-43C9-B6AA-0A0438E8F9F5}.Release|Any CPU.Build.0 = Release|Any CPU
	EndGlobalSection
	GlobalSection(SolutionProperties) = preSolution
		HideSolutionNode = FALSE
	EndGlobalSection
EndGlobal
